
Microsoft Visual Studio Solution File, Format Version 12.00
# Visual Studio 15
VisualStudioVersion = 15.0.26124.0
MinimumVisualStudioVersion = 15.0.26124.0
Project("{2150E333-8FDC-42A3-9474-1A3956D46DE8}") = "src", "src", "{05978961-ECD8-4E47-99B7-41147821C523}"
EndProject
Project("{FAE04EC0-301F-11D3-BF4B-00C04F79EFBC}") = "Sorting", "src\Sorting\Sorting.csproj", "{1D9D4FBD-9849-4CB7-8766-A41C4CF8D8E5}"
EndProject
Project("{2150E333-8FDC-42A3-9474-1A3956D46DE8}") = "test", "test", "{AC46ECAB-0172-4A0C-84DE-2F0F73EF56ED}"
EndProject
Project("{FAE04EC0-301F-11D3-BF4B-00C04F79EFBC}") = "Sorting.UnitTest", "test\Sorting.UnitTest\Sorting.UnitTest.csproj", "{1D7B507A-A7A6-431A-BBCE-E786816D7FEC}"
EndProject
Global
	GlobalSection(SolutionConfigurationPlatforms) = preSolution
		Debug|Any CPU = Debug|Any CPU
		Debug|x64 = Debug|x64
		Debug|x86 = Debug|x86
		Release|Any CPU = Release|Any CPU
		Release|x64 = Release|x64
		Release|x86 = Release|x86
	EndGlobalSection
	GlobalSection(SolutionProperties) = preSolution
		HideSolutionNode = FALSE
	EndGlobalSection
	GlobalSection(ProjectConfigurationPlatforms) = postSolution
		{1D9D4FBD-9849-4CB7-8766-A41C4CF8D8E5}.Debug|Any CPU.ActiveCfg = Debug|Any CPU
		{1D9D4FBD-9849-4CB7-8766-A41C4CF8D8E5}.Debug|Any CPU.Build.0 = Debug|Any CPU
		{1D9D4FBD-9849-4CB7-8766-A41C4CF8D8E5}.Debug|x64.ActiveCfg = Debug|Any CPU
		{1D9D4FBD-9849-4CB7-8766-A41C4CF8D8E5}.Debug|x64.Build.0 = Debug|Any CPU
		{1D9D4FBD-9849-4CB7-8766-A41C4CF8D8E5}.Debug|x86.ActiveCfg = Debug|Any CPU
		{1D9D4FBD-9849-4CB7-8766-A41C4CF8D8E5}.Debug|x86.Build.0 = Debug|Any CPU
		{1D9D4FBD-9849-4CB7-8766-A41C4CF8D8E5}.Release|Any CPU.ActiveCfg = Release|Any CPU
		{1D9D4FBD-9849-4CB7-8766-A41C4CF8D8E5}.Release|Any CPU.Build.0 = Release|Any CPU
		{1D9D4FBD-9849-4CB7-8766-A41C4CF8D8E5}.Release|x64.ActiveCfg = Release|Any CPU
		{1D9D4FBD-9849-4CB7-8766-A41C4CF8D8E5}.Release|x64.Build.0 = Release|Any CPU
		{1D9D4FBD-9849-4CB7-8766-A41C4CF8D8E5}.Release|x86.ActiveCfg = Release|Any CPU
		{1D9D4FBD-9849-4CB7-8766-A41C4CF8D8E5}.Release|x86.Build.0 = Release|Any CPU
		{1D7B507A-A7A6-431A-BBCE-E786816D7FEC}.Debug|Any CPU.ActiveCfg = Debug|Any CPU
		{1D7B507A-A7A6-431A-BBCE-E786816D7FEC}.Debug|Any CPU.Build.0 = Debug|Any CPU
		{1D7B507A-A7A6-431A-BBCE-E786816D7FEC}.Debug|x64.ActiveCfg = Debug|Any CPU
		{1D7B507A-A7A6-431A-BBCE-E786816D7FEC}.Debug|x64.Build.0 = Debug|Any CPU
		{1D7B507A-A7A6-431A-BBCE-E786816D7FEC}.Debug|x86.ActiveCfg = Debug|Any CPU
		{1D7B507A-A7A6-431A-BBCE-E786816D7FEC}.Debug|x86.Build.0 = Debug|Any CPU
		{1D7B507A-A7A6-431A-BBCE-E786816D7FEC}.Release|Any CPU.ActiveCfg = Release|Any CPU
		{1D7B507A-A7A6-431A-BBCE-E786816D7FEC}.Release|Any CPU.Build.0 = Release|Any CPU
		{1D7B507A-A7A6-431A-BBCE-E786816D7FEC}.Release|x64.ActiveCfg = Release|Any CPU
		{1D7B507A-A7A6-431A-BBCE-E786816D7FEC}.Release|x64.Build.0 = Release|Any CPU
		{1D7B507A-A7A6-431A-BBCE-E786816D7FEC}.Release|x86.ActiveCfg = Release|Any CPU
		{1D7B507A-A7A6-431A-BBCE-E786816D7FEC}.Release|x86.Build.0 = Release|Any CPU
	EndGlobalSection
	GlobalSection(NestedProjects) = preSolution
		{1D9D4FBD-9849-4CB7-8766-A41C4CF8D8E5} = {05978961-ECD8-4E47-99B7-41147821C523}
		{1D7B507A-A7A6-431A-BBCE-E786816D7FEC} = {AC46ECAB-0172-4A0C-84DE-2F0F73EF56ED}
	EndGlobalSection
EndGlobal
